
Microsoft Visual Studio Solution File, Format Version 12.00
# Visual Studio Version 17
VisualStudioVersion = 17.1.32319.34
MinimumVisualStudioVersion = 10.0.40219.1
Project("{FAE04EC0-301F-11D3-BF4B-00C04F79EFBC}") = "EstructurasDeControl_Clase02B", "EstructurasDeControl_Clase02B\EstructurasDeControl_Clase02B.csproj", "{C15DA632-5B15-4C02-BED7-D51A5FB135EE}"
EndProject
Global
	GlobalSection(SolutionConfigurationPlatforms) = preSolution
		Debug|Any CPU = Debug|Any CPU
		Release|Any CPU = Release|Any CPU
	EndGlobalSection
	GlobalSection(ProjectConfigurationPlatforms) = postSolution
		{C15DA632-5B15-4C02-BED7-D51A5FB135EE}.Debug|Any CPU.ActiveCfg = Debug|Any CPU
		{C15DA632-5B15-4C02-BED7-D51A5FB135EE}.Debug|Any CPU.Build.0 = Debug|Any CPU
		{C15DA632-5B15-4C02-BED7-D51A5FB135EE}.Release|Any CPU.ActiveCfg = Release|Any CPU
		{C15DA632-5B15-4C02-BED7-D51A5FB135EE}.Release|Any CPU.Build.0 = Release|Any CPU
	EndGlobalSection
	GlobalSection(SolutionProperties) = preSolution
		HideSolutionNode = FALSE
	EndGlobalSection
	GlobalSection(ExtensibilityGlobals) = postSolution
		SolutionGuid = {9D51336A-7CEF-453B-A26E-3BF0BB5ED9D1}
	EndGlobalSection
EndGlobal
